
Microsoft Visual Studio Solution File, Format Version 12.00
# Visual Studio 15
VisualStudioVersion = 15.0.27703.2026
MinimumVisualStudioVersion = 10.0.40219.1
Project("{FAE04EC0-301F-11D3-BF4B-00C04F79EFBC}") = "ConsoleApp1", "ConsoleApp1\ConsoleApp1.csproj", "{6E960E4A-E854-487C-B1F6-AB38B26DA419}"
EndProject
Global
	GlobalSection(SolutionConfigurationPlatforms) = preSolution
		Debug|Any CPU = Debug|Any CPU
		Release|Any CPU = Release|Any CPU
	EndGlobalSection
	GlobalSection(ProjectConfigurationPlatforms) = postSolution
		{6E960E4A-E854-487C-B1F6-AB38B26DA419}.Debug|Any CPU.ActiveCfg = Debug|Any CPU
		{6E960E4A-E854-487C-B1F6-AB38B26DA419}.Debug|Any CPU.Build.0 = Debug|Any CPU
		{6E960E4A-E854-487C-B1F6-AB38B26DA419}.Release|Any CPU.ActiveCfg = Release|Any CPU
		{6E960E4A-E854-487C-B1F6-AB38B26DA419}.Release|Any CPU.Build.0 = Release|Any CPU
	EndGlobalSection
	GlobalSection(SolutionProperties) = preSolution
		HideSolutionNode = FALSE
	EndGlobalSection
	GlobalSection(ExtensibilityGlobals) = postSolution
		SolutionGuid = {558D7A0D-1B45-4ED7-A6D1-6D730500F441}
	EndGlobalSection
EndGlobal
